
Microsoft Visual Studio Solution File, Format Version 12.00
# Visual Studio 15
VisualStudioVersion = 15.0.27428.2005
MinimumVisualStudioVersion = 10.0.40219.1
Project("{FAE04EC0-301F-11D3-BF4B-00C04F79EFBC}") = "CSharpReview", "CSharpReview\CSharpReview.csproj", "{DD658E77-4822-4F0C-A105-02F750646F3A}"
EndProject
Project("{FAE04EC0-301F-11D3-BF4B-00C04F79EFBC}") = "CSharpReview.UnitTests", "CSharpReview.UnitTests\CSharpReview.UnitTests.csproj", "{BBDE5F7D-D0C7-47BE-9379-F2F000BFE7F1}"
EndProject
Global
	GlobalSection(SolutionConfigurationPlatforms) = preSolution
		Debug|Any CPU = Debug|Any CPU
		Release|Any CPU = Release|Any CPU
	EndGlobalSection
	GlobalSection(ProjectConfigurationPlatforms) = postSolution
		{DD658E77-4822-4F0C-A105-02F750646F3A}.Debug|Any CPU.ActiveCfg = Debug|Any CPU
		{DD658E77-4822-4F0C-A105-02F750646F3A}.Debug|Any CPU.Build.0 = Debug|Any CPU
		{DD658E77-4822-4F0C-A105-02F750646F3A}.Release|Any CPU.ActiveCfg = Release|Any CPU
		{DD658E77-4822-4F0C-A105-02F750646F3A}.Release|Any CPU.Build.0 = Release|Any CPU
		{BBDE5F7D-D0C7-47BE-9379-F2F000BFE7F1}.Debug|Any CPU.ActiveCfg = Debug|Any CPU
		{BBDE5F7D-D0C7-47BE-9379-F2F000BFE7F1}.Debug|Any CPU.Build.0 = Debug|Any CPU
		{BBDE5F7D-D0C7-47BE-9379-F2F000BFE7F1}.Release|Any CPU.ActiveCfg = Release|Any CPU
		{BBDE5F7D-D0C7-47BE-9379-F2F000BFE7F1}.Release|Any CPU.Build.0 = Release|Any CPU
	EndGlobalSection
	GlobalSection(SolutionProperties) = preSolution
		HideSolutionNode = FALSE
	EndGlobalSection
	GlobalSection(ExtensibilityGlobals) = postSolution
		SolutionGuid = {8E7FE187-AD66-4FD8-90BA-D0ADF3E9485D}
	EndGlobalSection
EndGlobal
